
Microsoft Visual Studio Solution File, Format Version 12.00
# Visual Studio Version 16
VisualStudioVersion = 16.0.31702.278
MinimumVisualStudioVersion = 10.0.40219.1
Project("{FAE04EC0-301F-11D3-BF4B-00C04F79EFBC}") = "SUUUM_CLIENT", "SUUUM_CLIENT\SUUUM_CLIENT.csproj", "{42CBF7DF-2472-41E6-8C4C-9E8F27861803}"
EndProject
Global
	GlobalSection(SolutionConfigurationPlatforms) = preSolution
		Debug|Any CPU = Debug|Any CPU
		Release|Any CPU = Release|Any CPU
	EndGlobalSection
	GlobalSection(ProjectConfigurationPlatforms) = postSolution
		{42CBF7DF-2472-41E6-8C4C-9E8F27861803}.Debug|Any CPU.ActiveCfg = Debug|Any CPU
		{42CBF7DF-2472-41E6-8C4C-9E8F27861803}.Debug|Any CPU.Build.0 = Debug|Any CPU
		{42CBF7DF-2472-41E6-8C4C-9E8F27861803}.Release|Any CPU.ActiveCfg = Release|Any CPU
		{42CBF7DF-2472-41E6-8C4C-9E8F27861803}.Release|Any CPU.Build.0 = Release|Any CPU
	EndGlobalSection
	GlobalSection(SolutionProperties) = preSolution
		HideSolutionNode = FALSE
	EndGlobalSection
	GlobalSection(ExtensibilityGlobals) = postSolution
		SolutionGuid = {BBD67978-D884-4A6E-BDB9-7DB4130CDECC}
	EndGlobalSection
EndGlobal
